
Microsoft Visual Studio Solution File, Format Version 12.00
# Visual Studio 2012
Project("{8BC9CEB8-8B4A-11D0-8D11-00A0C91BC942}") = "DE_6", "DE_6\DE_6.vcxproj", "{4C81D039-2F96-44B1-A69F-262F7C2C256C}"
EndProject
Global
	GlobalSection(SolutionConfigurationPlatforms) = preSolution
		Debug|Win32 = Debug|Win32
		Release|Win32 = Release|Win32
	EndGlobalSection
	GlobalSection(ProjectConfigurationPlatforms) = postSolution
		{4C81D039-2F96-44B1-A69F-262F7C2C256C}.Debug|Win32.ActiveCfg = Debug|Win32
		{4C81D039-2F96-44B1-A69F-262F7C2C256C}.Debug|Win32.Build.0 = Debug|Win32
		{4C81D039-2F96-44B1-A69F-262F7C2C256C}.Release|Win32.ActiveCfg = Release|Win32
		{4C81D039-2F96-44B1-A69F-262F7C2C256C}.Release|Win32.Build.0 = Release|Win32
	EndGlobalSection
	GlobalSection(SolutionProperties) = preSolution
		HideSolutionNode = FALSE
	EndGlobalSection
EndGlobal
